
Microsoft Visual Studio Solution File, Format Version 12.00
# Visual Studio Version 16
VisualStudioVersion = 16.0.31424.327
MinimumVisualStudioVersion = 10.0.40219.1
Project("{FAE04EC0-301F-11D3-BF4B-00C04F79EFBC}") = "NewShellDemo", "NewShellDemo.csproj", "{97748D01-F5FF-4328-87E9-53A928DF5495}"
EndProject
Global
	GlobalSection(SolutionConfigurationPlatforms) = preSolution
		Debug|Any CPU = Debug|Any CPU
		Release|Any CPU = Release|Any CPU
	EndGlobalSection
	GlobalSection(ProjectConfigurationPlatforms) = postSolution
		{97748D01-F5FF-4328-87E9-53A928DF5495}.Debug|Any CPU.ActiveCfg = Debug|Any CPU
		{97748D01-F5FF-4328-87E9-53A928DF5495}.Debug|Any CPU.Build.0 = Debug|Any CPU
		{97748D01-F5FF-4328-87E9-53A928DF5495}.Release|Any CPU.ActiveCfg = Release|Any CPU
		{97748D01-F5FF-4328-87E9-53A928DF5495}.Release|Any CPU.Build.0 = Release|Any CPU
	EndGlobalSection
	GlobalSection(SolutionProperties) = preSolution
		HideSolutionNode = FALSE
	EndGlobalSection
	GlobalSection(ExtensibilityGlobals) = postSolution
		SolutionGuid = {FFF573E1-8168-4A82-ADE4-78078BEC801F}
	EndGlobalSection
EndGlobal
