
Microsoft Visual Studio Solution File, Format Version 12.00
# Visual Studio Version 16
VisualStudioVersion = 16.0.31424.327
MinimumVisualStudioVersion = 10.0.40219.1
Project("{FAE04EC0-301F-11D3-BF4B-00C04F79EFBC}") = "ShellSwitchDemo", "ShellSwitchDemo.csproj", "{029A83F8-4534-4C9C-8139-FB823841D06C}"
EndProject
Global
	GlobalSection(SolutionConfigurationPlatforms) = preSolution
		Debug|Any CPU = Debug|Any CPU
		Release|Any CPU = Release|Any CPU
	EndGlobalSection
	GlobalSection(ProjectConfigurationPlatforms) = postSolution
		{029A83F8-4534-4C9C-8139-FB823841D06C}.Debug|Any CPU.ActiveCfg = Debug|Any CPU
		{029A83F8-4534-4C9C-8139-FB823841D06C}.Debug|Any CPU.Build.0 = Debug|Any CPU
		{029A83F8-4534-4C9C-8139-FB823841D06C}.Release|Any CPU.ActiveCfg = Release|Any CPU
		{029A83F8-4534-4C9C-8139-FB823841D06C}.Release|Any CPU.Build.0 = Release|Any CPU
	EndGlobalSection
	GlobalSection(SolutionProperties) = preSolution
		HideSolutionNode = FALSE
	EndGlobalSection
	GlobalSection(ExtensibilityGlobals) = postSolution
		SolutionGuid = {73EE026C-2A56-46D6-A651-21F9F332AFCB}
	EndGlobalSection
EndGlobal
